// !$*UTF8*$!
{
	archiveVersion = 1;
	classes = {
	};
	objectVersion = 50;
	objects = {

/* Begin PBXBuildFile section */
		9451072726CEFCC4000B4193 /* AppDelegate.swift in Sources */ = {isa = PBXBuildFile; fileRef = 9451072626CEFCC4000B4193 /* AppDelegate.swift */; };
		9451072926CEFCC4000B4193 /* SceneDelegate.swift in Sources */ = {isa = PBXBuildFile; fileRef = 9451072826CEFCC4000B4193 /* SceneDelegate.swift */; };
		9451072B26CEFCC4000B4193 /* HomeViewController.swift in Sources */ = {isa = PBXBuildFile; fileRef = 9451072A26CEFCC4000B4193 /* HomeViewController.swift */; };
		9451072E26CEFCC4000B4193 /* Main.storyboard in Resources */ = {isa = PBXBuildFile; fileRef = 9451072C26CEFCC4000B4193 /* Main.storyboard */; };
		9451073026CEFCC5000B4193 /* Assets.xcassets in Resources */ = {isa = PBXBuildFile; fileRef = 9451072F26CEFCC5000B4193 /* Assets.xcassets */; };
		9451073326CEFCC5000B4193 /* LaunchScreen.storyboard in Resources */ = {isa = PBXBuildFile; fileRef = 9451073126CEFCC5000B4193 /* LaunchScreen.storyboard */; };
		9451074026CEFFF5000B4193 /* ExploreViewController.swift in Sources */ = {isa = PBXBuildFile; fileRef = 9451073F26CEFFF5000B4193 /* ExploreViewController.swift */; };
		9451074226CF0080000B4193 /* CameraViewController.swift in Sources */ = {isa = PBXBuildFile; fileRef = 9451074126CF0080000B4193 /* CameraViewController.swift */; };
		9451074426CF00F6000B4193 /* NotificationsViewController.swift in Sources */ = {isa = PBXBuildFile; fileRef = 9451074326CF00F6000B4193 /* NotificationsViewController.swift */; };
		9451074626CF0248000B4193 /* ProfileViewController.swift in Sources */ = {isa = PBXBuildFile; fileRef = 9451074526CF0248000B4193 /* ProfileViewController.swift */; };
		9451074C26CF03CE000B4193 /* LoginViewController.swift in Sources */ = {isa = PBXBuildFile; fileRef = 9451074B26CF03CE000B4193 /* LoginViewController.swift */; };
		9451074E26CF04AC000B4193 /* RegistrationViewController.swift in Sources */ = {isa = PBXBuildFile; fileRef = 9451074D26CF04AC000B4193 /* RegistrationViewController.swift */; };
		9451075026CF059E000B4193 /* PostViewController.swift in Sources */ = {isa = PBXBuildFile; fileRef = 9451074F26CF059E000B4193 /* PostViewController.swift */; };
		9451075226CF061F000B4193 /* EditProfileViewController.swift in Sources */ = {isa = PBXBuildFile; fileRef = 9451075126CF061F000B4193 /* EditProfileViewController.swift */; };
		9451075426CF062C000B4193 /* SettingsViewController.swift in Sources */ = {isa = PBXBuildFile; fileRef = 9451075326CF062C000B4193 /* SettingsViewController.swift */; };
		9451075626CF066A000B4193 /* ListViewController.swift in Sources */ = {isa = PBXBuildFile; fileRef = 9451075526CF066A000B4193 /* ListViewController.swift */; };
		9451075826CF067A000B4193 /* SearchViewController.swift in Sources */ = {isa = PBXBuildFile; fileRef = 9451075726CF067A000B4193 /* SearchViewController.swift */; };
		9451075A26CF06A0000B4193 /* SearchResultViewController.swift in Sources */ = {isa = PBXBuildFile; fileRef = 9451075926CF06A0000B4193 /* SearchResultViewController.swift */; };
		9451075C26CF0784000B4193 /* PostEditorViewController.swift in Sources */ = {isa = PBXBuildFile; fileRef = 9451075B26CF0784000B4193 /* PostEditorViewController.swift */; };
		9451075E26CF07AC000B4193 /* PublishPostViewController.swift in Sources */ = {isa = PBXBuildFile; fileRef = 9451075D26CF07AC000B4193 /* PublishPostViewController.swift */; };
		9451076026CF6212000B4193 /* GoogleService-Info.plist in Resources */ = {isa = PBXBuildFile; fileRef = 9451075F26CF6212000B4193 /* GoogleService-Info.plist */; };
/* End PBXBuildFile section */

/* Begin PBXFileReference section */
		9451072326CEFCC4000B4193 /* instaClone.app */ = {isa = PBXFileReference; explicitFileType = wrapper.application; includeInIndex = 0; path = instaClone.app; sourceTree = BUILT_PRODUCTS_DIR; };
		9451072626CEFCC4000B4193 /* AppDelegate.swift */ = {isa = PBXFileReference; lastKnownFileType = sourcecode.swift; path = AppDelegate.swift; sourceTree = "<group>"; };
		9451072826CEFCC4000B4193 /* SceneDelegate.swift */ = {isa = PBXFileReference; lastKnownFileType = sourcecode.swift; path = SceneDelegate.swift; sourceTree = "<group>"; };
		9451072A26CEFCC4000B4193 /* HomeViewController.swift */ = {isa = PBXFileReference; lastKnownFileType = sourcecode.swift; path = HomeViewController.swift; sourceTree = "<group>"; };
		9451072D26CEFCC4000B4193 /* Base */ = {isa = PBXFileReference; lastKnownFileType = file.storyboard; name = Base; path = Base.lproj/Main.storyboard; sourceTree = "<group>"; };
		9451072F26CEFCC5000B4193 /* Assets.xcassets */ = {isa = PBXFileReference; lastKnownFileType = folder.assetcatalog; path = Assets.xcassets; sourceTree = "<group>"; };
		9451073226CEFCC5000B4193 /* Base */ = {isa = PBXFileReference; lastKnownFileType = file.storyboard; name = Base; path = Base.lproj/LaunchScreen.storyboard; sourceTree = "<group>"; };
		9451073426CEFCC5000B4193 /* Info.plist */ = {isa = PBXFileReference; lastKnownFileType = text.plist.xml; path = Info.plist; sourceTree = "<group>"; };
		9451073F26CEFFF5000B4193 /* ExploreViewController.swift */ = {isa = PBXFileReference; lastKnownFileType = sourcecode.swift; path = ExploreViewController.swift; sourceTree = "<group>"; };
		9451074126CF0080000B4193 /* CameraViewController.swift */ = {isa = PBXFileReference; lastKnownFileType = sourcecode.swift; path = CameraViewController.swift; sourceTree = "<group>"; };
		9451074326CF00F6000B4193 /* NotificationsViewController.swift */ = {isa = PBXFileReference; lastKnownFileType = sourcecode.swift; path = NotificationsViewController.swift; sourceTree = "<group>"; };
		9451074526CF0248000B4193 /* ProfileViewController.swift */ = {isa = PBXFileReference; lastKnownFileType = sourcecode.swift; path = ProfileViewController.swift; sourceTree = "<group>"; };
		9451074B26CF03CE000B4193 /* LoginViewController.swift */ = {isa = PBXFileReference; lastKnownFileType = sourcecode.swift; path = LoginViewController.swift; sourceTree = "<group>"; };
		9451074D26CF04AC000B4193 /* RegistrationViewController.swift */ = {isa = PBXFileReference; lastKnownFileType = sourcecode.swift; path = RegistrationViewController.swift; sourceTree = "<group>"; };
		9451074F26CF059E000B4193 /* PostViewController.swift */ = {isa = PBXFileReference; lastKnownFileType = sourcecode.swift; path = PostViewController.swift; sourceTree = "<group>"; };
		9451075126CF061F000B4193 /* EditProfileViewController.swift */ = {isa = PBXFileReference; lastKnownFileType = sourcecode.swift; path = EditProfileViewController.swift; sourceTree = "<group>"; };
		9451075326CF062C000B4193 /* SettingsViewController.swift */ = {isa = PBXFileReference; lastKnownFileType = sourcecode.swift; path = SettingsViewController.swift; sourceTree = "<group>"; };
		9451075526CF066A000B4193 /* ListViewController.swift */ = {isa = PBXFileReference; lastKnownFileType = sourcecode.swift; path = ListViewController.swift; sourceTree = "<group>"; };
		9451075726CF067A000B4193 /* SearchViewController.swift */ = {isa = PBXFileReference; lastKnownFileType = sourcecode.swift; path = SearchViewController.swift; sourceTree = "<group>"; };
		9451075926CF06A0000B4193 /* SearchResultViewController.swift */ = {isa = PBXFileReference; lastKnownFileType = sourcecode.swift; path = SearchResultViewController.swift; sourceTree = "<group>"; };
		9451075B26CF0784000B4193 /* PostEditorViewController.swift */ = {isa = PBXFileReference; lastKnownFileType = sourcecode.swift; path = PostEditorViewController.swift; sourceTree = "<group>"; };
		9451075D26CF07AC000B4193 /* PublishPostViewController.swift */ = {isa = PBXFileReference; lastKnownFileType = sourcecode.swift; path = PublishPostViewController.swift; sourceTree = "<group>"; };
		9451075F26CF6212000B4193 /* GoogleService-Info.plist */ = {isa = PBXFileReference; fileEncoding = 4; lastKnownFileType = text.plist.xml; name = "GoogleService-Info.plist"; path = "../../../Downloads/GoogleService-Info.plist"; sourceTree = "<group>"; };
/* End PBXFileReference section */

/* Begin PBXFrameworksBuildPhase section */
		9451072026CEFCC4000B4193 /* Frameworks */ = {
			isa = PBXFrameworksBuildPhase;
			buildActionMask = 2147483647;
			files = (
			);
			runOnlyForDeploymentPostprocessing = 0;
		};
/* End PBXFrameworksBuildPhase section */

/* Begin PBXGroup section */
		9451071A26CEFCC4000B4193 = {
			isa = PBXGroup;
			children = (
				9451072526CEFCC4000B4193 /* instaClone */,
				9451072426CEFCC4000B4193 /* Products */,
			);
			sourceTree = "<group>";
		};
		9451072426CEFCC4000B4193 /* Products */ = {
			isa = PBXGroup;
			children = (
				9451072326CEFCC4000B4193 /* instaClone.app */,
			);
			name = Products;
			sourceTree = "<group>";
		};
		9451072526CEFCC4000B4193 /* instaClone */ = {
			isa = PBXGroup;
			children = (
				9451073D26CEFDA1000B4193 /* Resources */,
				9451073C26CEFD97000B4193 /* Models */,
				9451073B26CEFD8A000B4193 /* Views */,
				9451073A26CEFD77000B4193 /* Controllers */,
				9451073426CEFCC5000B4193 /* Info.plist */,
				9451075F26CF6212000B4193 /* GoogleService-Info.plist */,
			);
			path = instaClone;
			sourceTree = "<group>";
		};
		9451073A26CEFD77000B4193 /* Controllers */ = {
			isa = PBXGroup;
			children = (
				9451074926CF0394000B4193 /* Other */,
				9451074826CF02B7000B4193 /* Core Tabs */,
			);
			path = Controllers;
			sourceTree = "<group>";
		};
		9451073B26CEFD8A000B4193 /* Views */ = {
			isa = PBXGroup;
			children = (
				9451072F26CEFCC5000B4193 /* Assets.xcassets */,
				9451073E26CEFE0C000B4193 /* Storyboards */,
			);
			path = Views;
			sourceTree = "<group>";
		};
		9451073C26CEFD97000B4193 /* Models */ = {
			isa = PBXGroup;
			children = (
			);
			path = Models;
			sourceTree = "<group>";
		};
		9451073D26CEFDA1000B4193 /* Resources */ = {
			isa = PBXGroup;
			children = (
				9451072626CEFCC4000B4193 /* AppDelegate.swift */,
				9451072826CEFCC4000B4193 /* SceneDelegate.swift */,
			);
			path = Resources;
			sourceTree = "<group>";
		};
		9451073E26CEFE0C000B4193 /* Storyboards */ = {
			isa = PBXGroup;
			children = (
				9451072C26CEFCC4000B4193 /* Main.storyboard */,
				9451073126CEFCC5000B4193 /* LaunchScreen.storyboard */,
			);
			path = Storyboards;
			sourceTree = "<group>";
		};
		9451074826CF02B7000B4193 /* Core Tabs */ = {
			isa = PBXGroup;
			children = (
				9451072A26CEFCC4000B4193 /* HomeViewController.swift */,
				9451074126CF0080000B4193 /* CameraViewController.swift */,
				9451074526CF0248000B4193 /* ProfileViewController.swift */,
				9451074326CF00F6000B4193 /* NotificationsViewController.swift */,
				9451073F26CEFFF5000B4193 /* ExploreViewController.swift */,
			);
			path = "Core Tabs";
			sourceTree = "<group>";
		};
		9451074926CF0394000B4193 /* Other */ = {
			isa = PBXGroup;
			children = (
				9451074A26CF039F000B4193 /* OnBoarding */,
				9451074F26CF059E000B4193 /* PostViewController.swift */,
				9451075526CF066A000B4193 /* ListViewController.swift */,
				9451075326CF062C000B4193 /* SettingsViewController.swift */,
				9451075926CF06A0000B4193 /* SearchResultViewController.swift */,
				9451075726CF067A000B4193 /* SearchViewController.swift */,
				9451075126CF061F000B4193 /* EditProfileViewController.swift */,
				9451075B26CF0784000B4193 /* PostEditorViewController.swift */,
				9451075D26CF07AC000B4193 /* PublishPostViewController.swift */,
			);
			path = Other;
			sourceTree = "<group>";
		};
		9451074A26CF039F000B4193 /* OnBoarding */ = {
			isa = PBXGroup;
			children = (
				9451074B26CF03CE000B4193 /* LoginViewController.swift */,
				9451074D26CF04AC000B4193 /* RegistrationViewController.swift */,
			);
			path = OnBoarding;
			sourceTree = "<group>";
		};
/* End PBXGroup section */

/* Begin PBXNativeTarget section */
		9451072226CEFCC4000B4193 /* instaClone */ = {
			isa = PBXNativeTarget;
			buildConfigurationList = 9451073726CEFCC5000B4193 /* Build configuration list for PBXNativeTarget "instaClone" */;
			buildPhases = (
				9451071F26CEFCC4000B4193 /* Sources */,
				9451072026CEFCC4000B4193 /* Frameworks */,
				9451072126CEFCC4000B4193 /* Resources */,
			);
			buildRules = (
			);
			dependencies = (
			);
			name = instaClone;
			productName = instaClone;
			productReference = 9451072326CEFCC4000B4193 /* instaClone.app */;
			productType = "com.apple.product-type.application";
		};
/* End PBXNativeTarget section */

/* Begin PBXProject section */
		9451071B26CEFCC4000B4193 /* Project object */ = {
			isa = PBXProject;
			attributes = {
				LastSwiftUpdateCheck = 1250;
				LastUpgradeCheck = 1250;
				TargetAttributes = {
					9451072226CEFCC4000B4193 = {
						CreatedOnToolsVersion = 12.5.1;
					};
				};
			};
			buildConfigurationList = 9451071E26CEFCC4000B4193 /* Build configuration list for PBXProject "instaClone" */;
			compatibilityVersion = "Xcode 9.3";
			developmentRegion = en;
			hasScannedForEncodings = 0;
			knownRegions = (
				en,
				Base,
			);
			mainGroup = 9451071A26CEFCC4000B4193;
			productRefGroup = 9451072426CEFCC4000B4193 /* Products */;
			projectDirPath = "";
			projectRoot = "";
			targets = (
				9451072226CEFCC4000B4193 /* instaClone */,
			);
		};
/* End PBXProject section */

/* Begin PBXResourcesBuildPhase section */
		9451072126CEFCC4000B4193 /* Resources */ = {
			isa = PBXResourcesBuildPhase;
			buildActionMask = 2147483647;
			files = (
				9451073326CEFCC5000B4193 /* LaunchScreen.storyboard in Resources */,
				9451076026CF6212000B4193 /* GoogleService-Info.plist in Resources */,
				9451073026CEFCC5000B4193 /* Assets.xcassets in Resources */,
				9451072E26CEFCC4000B4193 /* Main.storyboard in Resources */,
			);
			runOnlyForDeploymentPostprocessing = 0;
		};
/* End PBXResourcesBuildPhase section */

/* Begin PBXSourcesBuildPhase section */
		9451071F26CEFCC4000B4193 /* Sources */ = {
			isa = PBXSourcesBuildPhase;
			buildActionMask = 2147483647;
			files = (
				9451075226CF061F000B4193 /* EditProfileViewController.swift in Sources */,
				9451074026CEFFF5000B4193 /* ExploreViewController.swift in Sources */,
				9451075E26CF07AC000B4193 /* PublishPostViewController.swift in Sources */,
				9451074226CF0080000B4193 /* CameraViewController.swift in Sources */,
				9451072B26CEFCC4000B4193 /* HomeViewController.swift in Sources */,
				9451074E26CF04AC000B4193 /* RegistrationViewController.swift in Sources */,
				9451075C26CF0784000B4193 /* PostEditorViewController.swift in Sources */,
				9451075026CF059E000B4193 /* PostViewController.swift in Sources */,
				9451074426CF00F6000B4193 /* NotificationsViewController.swift in Sources */,
				9451075A26CF06A0000B4193 /* SearchResultViewController.swift in Sources */,
				9451074C26CF03CE000B4193 /* LoginViewController.swift in Sources */,
				9451075826CF067A000B4193 /* SearchViewController.swift in Sources */,
				9451074626CF0248000B4193 /* ProfileViewController.swift in Sources */,
				9451072726CEFCC4000B4193 /* AppDelegate.swift in Sources */,
				9451072926CEFCC4000B4193 /* SceneDelegate.swift in Sources */,
				9451075626CF066A000B4193 /* ListViewController.swift in Sources */,
				9451075426CF062C000B4193 /* SettingsViewController.swift in Sources */,
			);
			runOnlyForDeploymentPostprocessing = 0;
		};
/* End PBXSourcesBuildPhase section */

/* Begin PBXVariantGroup section */
		9451072C26CEFCC4000B4193 /* Main.storyboard */ = {
			isa = PBXVariantGroup;
			children = (
				9451072D26CEFCC4000B4193 /* Base */,
			);
			name = Main.storyboard;
			sourceTree = "<group>";
		};
		9451073126CEFCC5000B4193 /* LaunchScreen.storyboard */ = {
			isa = PBXVariantGroup;
			children = (
				9451073226CEFCC5000B4193 /* Base */,
			);
			name = LaunchScreen.storyboard;
			sourceTree = "<group>";
		};
/* End PBXVariantGroup section */

/* Begin XCBuildConfiguration section */
		9451073526CEFCC5000B4193 /* Debug */ = {
			isa = XCBuildConfiguration;
			buildSettings = {
				ALWAYS_SEARCH_USER_PATHS = NO;
				CLANG_ANALYZER_NONNULL = YES;
				CLANG_ANALYZER_NUMBER_OBJECT_CONVERSION = YES_AGGRESSIVE;
				CLANG_CXX_LANGUAGE_STANDARD = "gnu++14";
				CLANG_CXX_LIBRARY = "libc++";
				CLANG_ENABLE_MODULES = YES;
				CLANG_ENABLE_OBJC_ARC = YES;
				CLANG_ENABLE_OBJC_WEAK = YES;
				CLANG_WARN_BLOCK_CAPTURE_AUTORELEASING = YES;
				CLANG_WARN_BOOL_CONVERSION = YES;
				CLANG_WARN_COMMA = YES;
				CLANG_WARN_CONSTANT_CONVERSION = YES;
				CLANG_WARN_DEPRECATED_OBJC_IMPLEMENTATIONS = YES;
				CLANG_WARN_DIRECT_OBJC_ISA_USAGE = YES_ERROR;
				CLANG_WARN_DOCUMENTATION_COMMENTS = YES;
				CLANG_WARN_EMPTY_BODY = YES;
				CLANG_WARN_ENUM_CONVERSION = YES;
				CLANG_WARN_INFINITE_RECURSION = YES;
				CLANG_WARN_INT_CONVERSION = YES;
				CLANG_WARN_NON_LITERAL_NULL_CONVERSION = YES;
				CLANG_WARN_OBJC_IMPLICIT_RETAIN_SELF = YES;
				CLANG_WARN_OBJC_LITERAL_CONVERSION = YES;
				CLANG_WARN_OBJC_ROOT_CLASS = YES_ERROR;
				CLANG_WARN_QUOTED_INCLUDE_IN_FRAMEWORK_HEADER = YES;
				CLANG_WARN_RANGE_LOOP_ANALYSIS = YES;
				CLANG_WARN_STRICT_PROTOTYPES = YES;
				CLANG_WARN_SUSPICIOUS_MOVE = YES;
				CLANG_WARN_UNGUARDED_AVAILABILITY = YES_AGGRESSIVE;
				CLANG_WARN_UNREACHABLE_CODE = YES;
				CLANG_WARN__DUPLICATE_METHOD_MATCH = YES;
				COPY_PHASE_STRIP = NO;
				DEBUG_INFORMATION_FORMAT = dwarf;
				ENABLE_STRICT_OBJC_MSGSEND = YES;
				ENABLE_TESTABILITY = YES;
				GCC_C_LANGUAGE_STANDARD = gnu11;
				GCC_DYNAMIC_NO_PIC = NO;
				GCC_NO_COMMON_BLOCKS = YES;
				GCC_OPTIMIZATION_LEVEL = 0;
				GCC_PREPROCESSOR_DEFINITIONS = (
					"DEBUG=1",
					"$(inherited)",
				);
				GCC_WARN_64_TO_32_BIT_CONVERSION = YES;
				GCC_WARN_ABOUT_RETURN_TYPE = YES_ERROR;
				GCC_WARN_UNDECLARED_SELECTOR = YES;
				GCC_WARN_UNINITIALIZED_AUTOS = YES_AGGRESSIVE;
				GCC_WARN_UNUSED_FUNCTION = YES;
				GCC_WARN_UNUSED_VARIABLE = YES;
				IPHONEOS_DEPLOYMENT_TARGET = 14.5;
				MTL_ENABLE_DEBUG_INFO = INCLUDE_SOURCE;
				MTL_FAST_MATH = YES;
				ONLY_ACTIVE_ARCH = YES;
				SDKROOT = iphoneos;
				SWIFT_ACTIVE_COMPILATION_CONDITIONS = DEBUG;
				SWIFT_OPTIMIZATION_LEVEL = "-Onone";
			};
			name = Debug;
		};
		9451073626CEFCC5000B4193 /* Release */ = {
			isa = XCBuildConfiguration;
			buildSettings = {
				ALWAYS_SEARCH_USER_PATHS = NO;
				CLANG_ANALYZER_NONNULL = YES;
				CLANG_ANALYZER_NUMBER_OBJECT_CONVERSION = YES_AGGRESSIVE;
				CLANG_CXX_LANGUAGE_STANDARD = "gnu++14";
				CLANG_CXX_LIBRARY = "libc++";
				CLANG_ENABLE_MODULES = YES;
				CLANG_ENABLE_OBJC_ARC = YES;
				CLANG_ENABLE_OBJC_WEAK = YES;
				CLANG_WARN_BLOCK_CAPTURE_AUTORELEASING = YES;
				CLANG_WARN_BOOL_CONVERSION = YES;
				CLANG_WARN_COMMA = YES;
				CLANG_WARN_CONSTANT_CONVERSION = YES;
				CLANG_WARN_DEPRECATED_OBJC_IMPLEMENTATIONS = YES;
				CLANG_WARN_DIRECT_OBJC_ISA_USAGE = YES_ERROR;
				CLANG_WARN_DOCUMENTATION_COMMENTS = YES;
				CLANG_WARN_EMPTY_BODY = YES;
				CLANG_WARN_ENUM_CONVERSION = YES;
				CLANG_WARN_INFINITE_RECURSION = YES;
				CLANG_WARN_INT_CONVERSION = YES;
				CLANG_WARN_NON_LITERAL_NULL_CONVERSION = YES;
				CLANG_WARN_OBJC_IMPLICIT_RETAIN_SELF = YES;
				CLANG_WARN_OBJC_LITERAL_CONVERSION = YES;
				CLANG_WARN_OBJC_ROOT_CLASS = YES_ERROR;
				CLANG_WARN_QUOTED_INCLUDE_IN_FRAMEWORK_HEADER = YES;
				CLANG_WARN_RANGE_LOOP_ANALYSIS = YES;
				CLANG_WARN_STRICT_PROTOTYPES = YES;
				CLANG_WARN_SUSPICIOUS_MOVE = YES;
				CLANG_WARN_UNGUARDED_AVAILABILITY = YES_AGGRESSIVE;
				CLANG_WARN_UNREACHABLE_CODE = YES;
				CLANG_WARN__DUPLICATE_METHOD_MATCH = YES;
				COPY_PHASE_STRIP = NO;
				DEBUG_INFORMATION_FORMAT = "dwarf-with-dsym";
				ENABLE_NS_ASSERTIONS = NO;
				ENABLE_STRICT_OBJC_MSGSEND = YES;
				GCC_C_LANGUAGE_STANDARD = gnu11;
				GCC_NO_COMMON_BLOCKS = YES;
				GCC_WARN_64_TO_32_BIT_CONVERSION = YES;
				GCC_WARN_ABOUT_RETURN_TYPE = YES_ERROR;
				GCC_WARN_UNDECLARED_SELECTOR = YES;
				GCC_WARN_UNINITIALIZED_AUTOS = YES_AGGRESSIVE;
				GCC_WARN_UNUSED_FUNCTION = YES;
				GCC_WARN_UNUSED_VARIABLE = YES;
				IPHONEOS_DEPLOYMENT_TARGET = 14.5;
				MTL_ENABLE_DEBUG_INFO = NO;
				MTL_FAST_MATH = YES;
				SDKROOT = iphoneos;
				SWIFT_COMPILATION_MODE = wholemodule;
				SWIFT_OPTIMIZATION_LEVEL = "-O";
				VALIDATE_PRODUCT = YES;
			};
			name = Release;
		};
		9451073826CEFCC5000B4193 /* Debug */ = {
			isa = XCBuildConfiguration;
			buildSettings = {
				ASSETCATALOG_COMPILER_APPICON_NAME = AppIcon;
				ASSETCATALOG_COMPILER_GLOBAL_ACCENT_COLOR_NAME = AccentColor;
				CODE_SIGN_STYLE = Automatic;
				DEVELOPMENT_TEAM = H77RA5JQW6;
				INFOPLIST_FILE = instaClone/Info.plist;
				LD_RUNPATH_SEARCH_PATHS = (
					"$(inherited)",
					"@executable_path/Frameworks",
				);
				PRODUCT_BUNDLE_IDENTIFIER = "vini10b-hotmail.com.instaClone";
				PRODUCT_NAME = "$(TARGET_NAME)";
				SWIFT_VERSION = 5.0;
				TARGETED_DEVICE_FAMILY = "1,2";
			};
			name = Debug;
		};
		9451073926CEFCC5000B4193 /* Release */ = {
			isa = XCBuildConfiguration;
			buildSettings = {
				ASSETCATALOG_COMPILER_APPICON_NAME = AppIcon;
				ASSETCATALOG_COMPILER_GLOBAL_ACCENT_COLOR_NAME = AccentColor;
				CODE_SIGN_STYLE = Automatic;
				DEVELOPMENT_TEAM = H77RA5JQW6;
				INFOPLIST_FILE = instaClone/Info.plist;
				LD_RUNPATH_SEARCH_PATHS = (
					"$(inherited)",
					"@executable_path/Frameworks",
				);
				PRODUCT_BUNDLE_IDENTIFIER = "vini10b-hotmail.com.instaClone";
				PRODUCT_NAME = "$(TARGET_NAME)";
				SWIFT_VERSION = 5.0;
				TARGETED_DEVICE_FAMILY = "1,2";
			};
			name = Release;
		};
/* End XCBuildConfiguration section */

/* Begin XCConfigurationList section */
		9451071E26CEFCC4000B4193 /* Build configuration list for PBXProject "instaClone" */ = {
			isa = XCConfigurationList;
			buildConfigurations = (
				9451073526CEFCC5000B4193 /* Debug */,
				9451073626CEFCC5000B4193 /* Release */,
			);
			defaultConfigurationIsVisible = 0;
			defaultConfigurationName = Release;
		};
		9451073726CEFCC5000B4193 /* Build configuration list for PBXNativeTarget "instaClone" */ = {
			isa = XCConfigurationList;
			buildConfigurations = (
				9451073826CEFCC5000B4193 /* Debug */,
				9451073926CEFCC5000B4193 /* Release */,
			);
			defaultConfigurationIsVisible = 0;
			defaultConfigurationName = Release;
		};
/* End XCConfigurationList section */
	};
	rootObject = 9451071B26CEFCC4000B4193 /* Project object */;
}
